
Microsoft Visual Studio Solution File, Format Version 12.00
# Visual Studio 2012
Project("{FAE04EC0-301F-11D3-BF4B-00C04F79EFBC}") = "D20", "D20\D20.csproj", "{C8313145-686C-4FBE-AF36-44B656041A3D}"
EndProject
Project("{FAE04EC0-301F-11D3-BF4B-00C04F79EFBC}") = "D20Roller", "D20Roller\D20Roller.csproj", "{C7D7F0C2-A7B5-4018-9D20-EDAA499D69D5}"
EndProject
Global
	GlobalSection(SolutionConfigurationPlatforms) = preSolution
		Debug|Any CPU = Debug|Any CPU
		Release|Any CPU = Release|Any CPU
	EndGlobalSection
	GlobalSection(ProjectConfigurationPlatforms) = postSolution
		{C8313145-686C-4FBE-AF36-44B656041A3D}.Debug|Any CPU.ActiveCfg = Debug|Any CPU
		{C8313145-686C-4FBE-AF36-44B656041A3D}.Debug|Any CPU.Build.0 = Debug|Any CPU
		{C8313145-686C-4FBE-AF36-44B656041A3D}.Release|Any CPU.ActiveCfg = Release|Any CPU
		{C8313145-686C-4FBE-AF36-44B656041A3D}.Release|Any CPU.Build.0 = Release|Any CPU
		{C7D7F0C2-A7B5-4018-9D20-EDAA499D69D5}.Debug|Any CPU.ActiveCfg = Debug|Any CPU
		{C7D7F0C2-A7B5-4018-9D20-EDAA499D69D5}.Debug|Any CPU.Build.0 = Debug|Any CPU
		{C7D7F0C2-A7B5-4018-9D20-EDAA499D69D5}.Release|Any CPU.ActiveCfg = Release|Any CPU
		{C7D7F0C2-A7B5-4018-9D20-EDAA499D69D5}.Release|Any CPU.Build.0 = Release|Any CPU
	EndGlobalSection
EndGlobal
